// !$*UTF8*$!
{
	archiveVersion = 1;
	classes = {
	};
	objectVersion = 56;
	objects = {

/* Begin PBXBuildFile section */
		BB0000000000000000000100 /* AppLog.swift in Sources */ = {isa = PBXBuildFile; fileRef = BB0000000000000000000200 /* AppLog.swift */; };
		BB0000000000000000000101 /* SteamSpeakApp.swift in Sources */ = {isa = PBXBuildFile; fileRef = BB0000000000000000000201 /* SteamSpeakApp.swift */; };
		BB0000000000000000000102 /* Reader.swift in Sources */ = {isa = PBXBuildFile; fileRef = BB0000000000000000000202 /* Reader.swift */; };
		BB0000000000000000000103 /* Speaker.swift in Sources */ = {isa = PBXBuildFile; fileRef = BB0000000000000000000203 /* Speaker.swift */; };
		BB0000000000000000000104 /* SteamRestart.swift in Sources */ = {isa = PBXBuildFile; fileRef = BB0000000000000000000204 /* SteamRestart.swift */; };
		BB0000000000000000000105 /* LoginItem.swift in Sources */ = {isa = PBXBuildFile; fileRef = BB0000000000000000000205 /* LoginItem.swift */; };
/* End PBXBuildFile section */

/* Begin PBXFileReference section */
		BB0000000000000000000006 /* Steam Speak.app */ = {isa = PBXFileReference; explicitFileType = wrapper.application; includeInIndex = 0; path = "Steam Speak.app"; sourceTree = BUILT_PRODUCTS_DIR; };
		BB0000000000000000000200 /* AppLog.swift */ = {isa = PBXFileReference; lastKnownFileType = sourcecode.swift; path = AppLog.swift; sourceTree = "<group>"; };
		BB0000000000000000000201 /* SteamSpeakApp.swift */ = {isa = PBXFileReference; lastKnownFileType = sourcecode.swift; path = SteamSpeakApp.swift; sourceTree = "<group>"; };
		BB0000000000000000000202 /* Reader.swift */ = {isa = PBXFileReference; lastKnownFileType = sourcecode.swift; path = Reader.swift; sourceTree = "<group>"; };
		BB0000000000000000000203 /* Speaker.swift */ = {isa = PBXFileReference; lastKnownFileType = sourcecode.swift; path = Speaker.swift; sourceTree = "<group>"; };
		BB0000000000000000000204 /* SteamRestart.swift */ = {isa = PBXFileReference; lastKnownFileType = sourcecode.swift; path = SteamRestart.swift; sourceTree = "<group>"; };
		BB0000000000000000000205 /* LoginItem.swift */ = {isa = PBXFileReference; lastKnownFileType = sourcecode.swift; path = LoginItem.swift; sourceTree = "<group>"; };
/* End PBXFileReference section */

/* Begin PBXFrameworksBuildPhase section */
		BB0000000000000000000008 /* Frameworks */ = {
			isa = PBXFrameworksBuildPhase;
			buildActionMask = 2147483647;
			files = (
			);
			runOnlyForDeploymentPostprocessing = 0;
		};
/* End PBXFrameworksBuildPhase section */

/* Begin PBXGroup section */
		BB0000000000000000000004 = {
			isa = PBXGroup;
			children = (
				BB0000000000000000000003 /* SteamSpeak */,
				BB0000000000000000000005 /* Products */,
			);
			sourceTree = "<group>";
		};
		BB0000000000000000000003 /* SteamSpeak */ = {
			isa = PBXGroup;
			children = (
				BB0000000000000000000200 /* AppLog.swift */,
				BB0000000000000000000201 /* SteamSpeakApp.swift */,
				BB0000000000000000000202 /* Reader.swift */,
				BB0000000000000000000203 /* Speaker.swift */,
				BB0000000000000000000204 /* SteamRestart.swift */,
				BB0000000000000000000205 /* LoginItem.swift */,
			);
			path = SteamSpeak;
			sourceTree = "<group>";
		};
		BB0000000000000000000005 /* Products */ = {
			isa = PBXGroup;
			children = (
				BB0000000000000000000006 /* Steam Speak.app */,
			);
			name = Products;
			sourceTree = "<group>";
		};
/* End PBXGroup section */

/* Begin PBXNativeTarget section */
		BB0000000000000000000002 /* Steam Speak */ = {
			isa = PBXNativeTarget;
			buildConfigurationList = BB0000000000000000000011 /* Build configuration list for PBXNativeTarget "Steam Speak" */;
			buildPhases = (
				BB0000000000000000000007 /* Sources */,
				BB0000000000000000000008 /* Frameworks */,
				BB0000000000000000000009 /* Resources */,
			);
			buildRules = (
			);
			dependencies = (
			);
			name = "Steam Speak";
			productName = "Steam Speak";
			productReference = BB0000000000000000000006 /* Steam Speak.app */;
			productType = "com.apple.product-type.application";
		};
/* End PBXNativeTarget section */

/* Begin PBXProject section */
		BB0000000000000000000001 /* Project object */ = {
			isa = PBXProject;
			attributes = {
				BuildIndependentTargetsInParallel = 1;
				LastSwiftUpdateCheck = 1500;
				LastUpgradeCheck = 1500;
				TargetAttributes = {
					BB0000000000000000000002 = {
						CreatedOnToolsVersion = 15.0;
					};
				};
			};
			buildConfigurationList = BB0000000000000000000010 /* Build configuration list for PBXProject "Steam Speak" */;
			compatibilityVersion = "Xcode 14.0";
			developmentRegion = en;
			hasScannedForEncodings = 0;
			knownRegions = (
				en,
				Base,
			);
			mainGroup = BB0000000000000000000004;
			productRefGroup = BB0000000000000000000005 /* Products */;
			projectDirPath = "";
			projectRoot = "";
			targets = (
				BB0000000000000000000002 /* Steam Speak */,
			);
		};
/* End PBXProject section */

/* Begin PBXResourcesBuildPhase section */
		BB0000000000000000000009 /* Resources */ = {
			isa = PBXResourcesBuildPhase;
			buildActionMask = 2147483647;
			files = (
			);
			runOnlyForDeploymentPostprocessing = 0;
		};
/* End PBXResourcesBuildPhase section */

/* Begin PBXSourcesBuildPhase section */
		BB0000000000000000000007 /* Sources */ = {
			isa = PBXSourcesBuildPhase;
			buildActionMask = 2147483647;
			files = (
				BB0000000000000000000100 /* AppLog.swift in Sources */,
				BB0000000000000000000101 /* SteamSpeakApp.swift in Sources */,
				BB0000000000000000000102 /* Reader.swift in Sources */,
				BB0000000000000000000103 /* Speaker.swift in Sources */,
				BB0000000000000000000104 /* SteamRestart.swift in Sources */,
				BB0000000000000000000105 /* LoginItem.swift in Sources */,
			);
			runOnlyForDeploymentPostprocessing = 0;
		};
/* End PBXSourcesBuildPhase section */

/* Begin XCBuildConfiguration section */
		BB0000000000000000000012 /* Debug */ = {
			isa = XCBuildConfiguration;
			buildSettings = {
				ALWAYS_SEARCH_USER_PATHS = NO;
				CLANG_ENABLE_MODULES = YES;
				CLANG_ENABLE_OBJC_ARC = YES;
				ENABLE_STRICT_OBJC_MSGSEND = YES;
				MACOSX_DEPLOYMENT_TARGET = 27.0;
				SDKROOT = macosx;
				SUPPORTED_PLATFORMS = macosx;
				SWIFT_STRICT_CONCURRENCY = minimal;
				SWIFT_VERSION = 5.0;
				DEBUG_INFORMATION_FORMAT = dwarf;
				ENABLE_TESTABILITY = YES;
				GCC_OPTIMIZATION_LEVEL = 0;
				ONLY_ACTIVE_ARCH = YES;
				SWIFT_ACTIVE_COMPILATION_CONDITIONS = DEBUG;
				SWIFT_OPTIMIZATION_LEVEL = "-Onone";
			};
			name = Debug;
		};
		BB0000000000000000000013 /* Release */ = {
			isa = XCBuildConfiguration;
			buildSettings = {
				ALWAYS_SEARCH_USER_PATHS = NO;
				CLANG_ENABLE_MODULES = YES;
				CLANG_ENABLE_OBJC_ARC = YES;
				ENABLE_STRICT_OBJC_MSGSEND = YES;
				MACOSX_DEPLOYMENT_TARGET = 27.0;
				SDKROOT = macosx;
				SUPPORTED_PLATFORMS = macosx;
				SWIFT_STRICT_CONCURRENCY = minimal;
				SWIFT_VERSION = 5.0;
				DEBUG_INFORMATION_FORMAT = "dwarf-with-dsym";
				ENABLE_NS_ASSERTIONS = NO;
				SWIFT_COMPILATION_MODE = wholemodule;
			};
			name = Release;
		};
		BB0000000000000000000014 /* Debug */ = {
			isa = XCBuildConfiguration;
			buildSettings = {
				CODE_SIGN_IDENTITY = "Apple Development";
				CODE_SIGN_STYLE = Automatic;
				COMBINE_HIDPI_IMAGES = YES;
				CURRENT_PROJECT_VERSION = 1;
				DEVELOPMENT_TEAM = AV65T28PQ7;
				ENABLE_HARDENED_RUNTIME = NO;
				GENERATE_INFOPLIST_FILE = YES;
				INFOPLIST_KEY_CFBundleDisplayName = "Steam Speak";
				INFOPLIST_KEY_LSApplicationCategoryType = "public.app-category.utilities";
				INFOPLIST_KEY_NSAppleEventsUsageDescription = "Steam Speak speaks through VoiceOver when VoiceOver is on, so you hear one voice.";
				INFOPLIST_KEY_LSUIElement = YES;
				INFOPLIST_KEY_NSPrincipalClass = NSApplication;
				MARKETING_VERSION = 0.1;
				PRODUCT_BUNDLE_IDENTIFIER = com.doll-eye.SteamSpeak;
				PRODUCT_NAME = "$(TARGET_NAME)";
				PROVISIONING_PROFILE_SPECIFIER = "";
				SWIFT_EMIT_LOC_STRINGS = YES;
			};
			name = Debug;
		};
		BB0000000000000000000015 /* Release */ = {
			isa = XCBuildConfiguration;
			buildSettings = {
				CODE_SIGN_IDENTITY = "Apple Development";
				CODE_SIGN_STYLE = Automatic;
				COMBINE_HIDPI_IMAGES = YES;
				CURRENT_PROJECT_VERSION = 1;
				DEVELOPMENT_TEAM = AV65T28PQ7;
				ENABLE_HARDENED_RUNTIME = NO;
				GENERATE_INFOPLIST_FILE = YES;
				INFOPLIST_KEY_CFBundleDisplayName = "Steam Speak";
				INFOPLIST_KEY_LSApplicationCategoryType = "public.app-category.utilities";
				INFOPLIST_KEY_NSAppleEventsUsageDescription = "Steam Speak speaks through VoiceOver when VoiceOver is on, so you hear one voice.";
				INFOPLIST_KEY_LSUIElement = YES;
				INFOPLIST_KEY_NSPrincipalClass = NSApplication;
				MARKETING_VERSION = 0.1;
				PRODUCT_BUNDLE_IDENTIFIER = com.doll-eye.SteamSpeak;
				PRODUCT_NAME = "$(TARGET_NAME)";
				PROVISIONING_PROFILE_SPECIFIER = "";
				SWIFT_EMIT_LOC_STRINGS = YES;
			};
			name = Release;
		};
/* End XCBuildConfiguration section */

/* Begin XCConfigurationList section */
		BB0000000000000000000010 /* Build configuration list for PBXProject "Steam Speak" */ = {
			isa = XCConfigurationList;
			buildConfigurations = (
				BB0000000000000000000012 /* Debug */,
				BB0000000000000000000013 /* Release */,
			);
			defaultConfigurationIsVisible = 0;
			defaultConfigurationName = Release;
		};
		BB0000000000000000000011 /* Build configuration list for PBXNativeTarget "Steam Speak" */ = {
			isa = XCConfigurationList;
			buildConfigurations = (
				BB0000000000000000000014 /* Debug */,
				BB0000000000000000000015 /* Release */,
			);
			defaultConfigurationIsVisible = 0;
			defaultConfigurationName = Release;
		};
/* End XCConfigurationList section */
	};
	rootObject = BB0000000000000000000001 /* Project object */;
}
